
Microsoft Visual Studio Solution File, Format Version 12.00
# Visual Studio Version 16
VisualStudioVersion = 16.0.29102.190
MinimumVisualStudioVersion = 10.0.40219.1
Project("{8BC9CEB8-8B4A-11D0-8D11-00A0C91BC942}") = "Project0", "Project0\Project0.vcxproj", "{13948A27-5903-4454-B731-3538856616DD}"
EndProject
Global
	GlobalSection(SolutionConfigurationPlatforms) = preSolution
		Debug|x64 = Debug|x64
		Release|x64 = Release|x64
	EndGlobalSection
	GlobalSection(ProjectConfigurationPlatforms) = postSolution
		{13948A27-5903-4454-B731-3538856616DD}.Debug|x64.ActiveCfg = Debug|x64
		{13948A27-5903-4454-B731-3538856616DD}.Debug|x64.Build.0 = Debug|x64
		{13948A27-5903-4454-B731-3538856616DD}.Release|x64.ActiveCfg = Release|x64
		{13948A27-5903-4454-B731-3538856616DD}.Release|x64.Build.0 = Release|x64
	EndGlobalSection
	GlobalSection(SolutionProperties) = preSolution
		HideSolutionNode = FALSE
	EndGlobalSection
	GlobalSection(ExtensibilityGlobals) = postSolution
		SolutionGuid = {DC430621-5FF8-4AC9-A695-AC9326A54C86}
	EndGlobalSection
EndGlobal
